// !$*UTF8*$!
{
	archiveVersion = 1;
	classes = {
	};
	objectVersion = 56;
	objects = {

/* Begin PBXBuildFile section */
		3A0D7794297F02FB004F5A7D /* String+Base64.swift in Sources */ = {isa = PBXBuildFile; fileRef = 3A0D7793297F02FB004F5A7D /* String+Base64.swift */; };
		3A0D7796297F04E3004F5A7D /* Date+Conversions.swift in Sources */ = {isa = PBXBuildFile; fileRef = 3A0D7795297F04E3004F5A7D /* Date+Conversions.swift */; };
		3A3F29E8292D40EF00841C03 /* Date+Millis.swift in Sources */ = {isa = PBXBuildFile; fileRef = 3A3F29E7292D40EF00841C03 /* Date+Millis.swift */; };
		3A3F29EA292FCD9200841C03 /* Persistence+MediaProgress.swift in Sources */ = {isa = PBXBuildFile; fileRef = 3A3F29E9292FCD9200841C03 /* Persistence+MediaProgress.swift */; };
		3A3F29EC292FD24000841C03 /* HomeView.swift in Sources */ = {isa = PBXBuildFile; fileRef = 3A3F29EB292FD24000841C03 /* HomeView.swift */; };
		3A3F29EE292FD35300841C03 /* NavigationRoot.swift in Sources */ = {isa = PBXBuildFile; fileRef = 3A3F29ED292FD35300841C03 /* NavigationRoot.swift */; };
		3A3F29F0292FD56B00841C03 /* DebugView.swift in Sources */ = {isa = PBXBuildFile; fileRef = 3A3F29EF292FD56B00841C03 /* DebugView.swift */; };
		3A3F29F2292FD74A00841C03 /* Notification+Custom.swift in Sources */ = {isa = PBXBuildFile; fileRef = 3A3F29F1292FD74A00841C03 /* Notification+Custom.swift */; };
		3A3F29F4292FD7DF00841C03 /* View+Recive.swift in Sources */ = {isa = PBXBuildFile; fileRef = 3A3F29F3292FD7DF00841C03 /* View+Recive.swift */; };
		3A3F29F6292FDB3E00841C03 /* LibraryPersonalizedResponse.swift in Sources */ = {isa = PBXBuildFile; fileRef = 3A3F29F5292FDB3E00841C03 /* LibraryPersonalizedResponse.swift */; };
		3A3F29F8292FDC6F00841C03 /* LibraryItem.swift in Sources */ = {isa = PBXBuildFile; fileRef = 3A3F29F7292FDC6F00841C03 /* LibraryItem.swift */; };
		3A5016272982FB5200BB2C74 /* GridDetailInner.swift in Sources */ = {isa = PBXBuildFile; fileRef = 3A5016262982FB5200BB2C74 /* GridDetailInner.swift */; };
		3A50162A298418F600BB2C74 /* SeriesBanner.swift in Sources */ = {isa = PBXBuildFile; fileRef = 3A501629298418F600BB2C74 /* SeriesBanner.swift */; };
		3A50162C29841E8500BB2C74 /* SeriesView.swift in Sources */ = {isa = PBXBuildFile; fileRef = 3A50162B29841E8500BB2C74 /* SeriesView.swift */; };
		3A50162E29841EF500BB2C74 /* ItemGridView.swift in Sources */ = {isa = PBXBuildFile; fileRef = 3A50162D29841EF500BB2C74 /* ItemGridView.swift */; };
		3A501630298421A800BB2C74 /* ItemSortOrder.swift in Sources */ = {isa = PBXBuildFile; fileRef = 3A50162F298421A800BB2C74 /* ItemSortOrder.swift */; };
		3A98B9F92920F78C00EE5ECE /* PingResponse.swift in Sources */ = {isa = PBXBuildFile; fileRef = 3A98B9F82920F78C00EE5ECE /* PingResponse.swift */; };
		3A98B9FF2920FDD900EE5ECE /* APIError.swift in Sources */ = {isa = PBXBuildFile; fileRef = 3A98B9FE2920FDD900EE5ECE /* APIError.swift */; };
		3A98BA012920FF5400EE5ECE /* APIResources.swift in Sources */ = {isa = PBXBuildFile; fileRef = 3A98BA002920FF5400EE5ECE /* APIResources.swift */; };
		3A98BA032921006300EE5ECE /* APIRequest.swift in Sources */ = {isa = PBXBuildFile; fileRef = 3A98BA022921006300EE5ECE /* APIRequest.swift */; };
		3A98BA0529210F2900EE5ECE /* LoginFlowCredentials.swift in Sources */ = {isa = PBXBuildFile; fileRef = 3A98BA0429210F2900EE5ECE /* LoginFlowCredentials.swift */; };
		3A98BA072921124B00EE5ECE /* AuthorizeResponse.swift in Sources */ = {isa = PBXBuildFile; fileRef = 3A98BA062921124B00EE5ECE /* AuthorizeResponse.swift */; };
		3AB97F22291FB6F700E07DB5 /* LoginView.swift in Sources */ = {isa = PBXBuildFile; fileRef = 3AB97F21291FB6F700E07DB5 /* LoginView.swift */; };
		3AB97F27291FB8FF00E07DB5 /* LargeButtonStyle.swift in Sources */ = {isa = PBXBuildFile; fileRef = 3AB97F26291FB8FF00E07DB5 /* LargeButtonStyle.swift */; };
		3AB97F29291FFC2100E07DB5 /* LoginViewInner.swift in Sources */ = {isa = PBXBuildFile; fileRef = 3AB97F28291FFC2100E07DB5 /* LoginViewInner.swift */; };
		3AB97F2D2920017D00E07DB5 /* LoginFlowServer.swift in Sources */ = {isa = PBXBuildFile; fileRef = 3AB97F2C2920017D00E07DB5 /* LoginFlowServer.swift */; };
		3AB97F2F2920032A00E07DB5 /* FullscreenLoadingIndicator.swift in Sources */ = {isa = PBXBuildFile; fileRef = 3AB97F2E2920032A00E07DB5 /* FullscreenLoadingIndicator.swift */; };
		3AB97F342920061400E07DB5 /* APIClient.swift in Sources */ = {isa = PBXBuildFile; fileRef = 3AB97F332920061400E07DB5 /* APIClient.swift */; };
		3AC75B66292FE6DD0057A250 /* ProgressIndicator.swift in Sources */ = {isa = PBXBuildFile; fileRef = 3AC75B65292FE6DD0057A250 /* ProgressIndicator.swift */; };
		3AC75B68292FE6FC0057A250 /* ItemRowContainer.swift in Sources */ = {isa = PBXBuildFile; fileRef = 3AC75B67292FE6FC0057A250 /* ItemRowContainer.swift */; };
		3AC75B6A292FE72E0057A250 /* ItemRow.swift in Sources */ = {isa = PBXBuildFile; fileRef = 3AC75B69292FE72E0057A250 /* ItemRow.swift */; };
		3AC75B6C292FE74F0057A250 /* ItemRowItem.swift in Sources */ = {isa = PBXBuildFile; fileRef = 3AC75B6B292FE74F0057A250 /* ItemRowItem.swift */; };
		3AD5EAD32923D87C00D74AF1 /* PersistenceController+User.swift in Sources */ = {isa = PBXBuildFile; fileRef = 3AD5EAD22923D87C00D74AF1 /* PersistenceController+User.swift */; };
		3AD7AACC29805AB50052C17B /* ItemGrid.swift in Sources */ = {isa = PBXBuildFile; fileRef = 3AD7AACB29805AB50052C17B /* ItemGrid.swift */; };
		3ADEBFEA292FF9370047CE12 /* ItemImage.swift in Sources */ = {isa = PBXBuildFile; fileRef = 3ADEBFE9292FF9370047CE12 /* ItemImage.swift */; };
		3ADEBFEF293133A40047CE12 /* DetailView.swift in Sources */ = {isa = PBXBuildFile; fileRef = 3ADEBFEE293133A40047CE12 /* DetailView.swift */; };
		3ADEBFF42931FBF70047CE12 /* PlayNowButtonStyle.swift in Sources */ = {isa = PBXBuildFile; fileRef = 3ADEBFF32931FBF70047CE12 /* PlayNowButtonStyle.swift */; };
		3ADEBFF62931FC140047CE12 /* SecondaryButtonStyle.swift in Sources */ = {isa = PBXBuildFile; fileRef = 3ADEBFF52931FC140047CE12 /* SecondaryButtonStyle.swift */; };
		3ADEBFF82931FC5E0047CE12 /* GestureSwipeRight.swift in Sources */ = {isa = PBXBuildFile; fileRef = 3ADEBFF72931FC5E0047CE12 /* GestureSwipeRight.swift */; };
		3ADEBFFA2931FC800047CE12 /* View+BecomingVisible.swift in Sources */ = {isa = PBXBuildFile; fileRef = 3ADEBFF92931FC800047CE12 /* View+BecomingVisible.swift */; };
		3ADEBFFC2931FCB30047CE12 /* ItemDetailGridItem.swift in Sources */ = {isa = PBXBuildFile; fileRef = 3ADEBFFB2931FCB30047CE12 /* ItemDetailGridItem.swift */; };
		3ADEC0002931FD9D0047CE12 /* BookDetailInner.swift in Sources */ = {isa = PBXBuildFile; fileRef = 3ADEBFFF2931FD9D0047CE12 /* BookDetailInner.swift */; };
		3ADEC0022931FEEC0047CE12 /* UIColor+Light.swift in Sources */ = {isa = PBXBuildFile; fileRef = 3ADEC0012931FEEC0047CE12 /* UIColor+Light.swift */; };
		3ADEC0042931FF010047CE12 /* UIImage+Color.swift in Sources */ = {isa = PBXBuildFile; fileRef = 3ADEC0032931FF010047CE12 /* UIImage+Color.swift */; };
		3ADEC0072931FF860047CE12 /* ImageHelper.swift in Sources */ = {isa = PBXBuildFile; fileRef = 3ADEC0062931FF860047CE12 /* ImageHelper.swift */; };
		3ADEC00929320BEB0047CE12 /* SearchSeries.swift in Sources */ = {isa = PBXBuildFile; fileRef = 3ADEC00829320BEB0047CE12 /* SearchSeries.swift */; };
		3ADEC00B29320C6C0047CE12 /* BookDetailSeries.swift in Sources */ = {isa = PBXBuildFile; fileRef = 3ADEC00A29320C6C0047CE12 /* BookDetailSeries.swift */; };
		3ADEC00F293216C20047CE12 /* FilterResponse.swift in Sources */ = {isa = PBXBuildFile; fileRef = 3ADEC00E293216C20047CE12 /* FilterResponse.swift */; };
		3AF4CB6D291FA70D0080451B /* BooksApp.swift in Sources */ = {isa = PBXBuildFile; fileRef = 3AF4CB6C291FA70D0080451B /* BooksApp.swift */; };
		3AF4CB6F291FA70D0080451B /* ContentView.swift in Sources */ = {isa = PBXBuildFile; fileRef = 3AF4CB6E291FA70D0080451B /* ContentView.swift */; };
		3AF4CB71291FA7120080451B /* Assets.xcassets in Resources */ = {isa = PBXBuildFile; fileRef = 3AF4CB70291FA7120080451B /* Assets.xcassets */; };
		3AF4CB76291FA7120080451B /* Persistence.swift in Sources */ = {isa = PBXBuildFile; fileRef = 3AF4CB75291FA7120080451B /* Persistence.swift */; };
		3AF4CB79291FA7120080451B /* Books.xcdatamodeld in Sources */ = {isa = PBXBuildFile; fileRef = 3AF4CB77291FA7120080451B /* Books.xcdatamodeld */; };
/* End PBXBuildFile section */

/* Begin PBXFileReference section */
		3A0D7793297F02FB004F5A7D /* String+Base64.swift */ = {isa = PBXFileReference; lastKnownFileType = sourcecode.swift; path = "String+Base64.swift"; sourceTree = "<group>"; };
		3A0D7795297F04E3004F5A7D /* Date+Conversions.swift */ = {isa = PBXFileReference; lastKnownFileType = sourcecode.swift; path = "Date+Conversions.swift"; sourceTree = "<group>"; };
		3A3F29E7292D40EF00841C03 /* Date+Millis.swift */ = {isa = PBXFileReference; lastKnownFileType = sourcecode.swift; path = "Date+Millis.swift"; sourceTree = "<group>"; };
		3A3F29E9292FCD9200841C03 /* Persistence+MediaProgress.swift */ = {isa = PBXFileReference; lastKnownFileType = sourcecode.swift; path = "Persistence+MediaProgress.swift"; sourceTree = "<group>"; };
		3A3F29EB292FD24000841C03 /* HomeView.swift */ = {isa = PBXFileReference; lastKnownFileType = sourcecode.swift; path = HomeView.swift; sourceTree = "<group>"; };
		3A3F29ED292FD35300841C03 /* NavigationRoot.swift */ = {isa = PBXFileReference; lastKnownFileType = sourcecode.swift; path = NavigationRoot.swift; sourceTree = "<group>"; };
		3A3F29EF292FD56B00841C03 /* DebugView.swift */ = {isa = PBXFileReference; lastKnownFileType = sourcecode.swift; path = DebugView.swift; sourceTree = "<group>"; };
		3A3F29F1292FD74A00841C03 /* Notification+Custom.swift */ = {isa = PBXFileReference; lastKnownFileType = sourcecode.swift; path = "Notification+Custom.swift"; sourceTree = "<group>"; };
		3A3F29F3292FD7DF00841C03 /* View+Recive.swift */ = {isa = PBXFileReference; lastKnownFileType = sourcecode.swift; path = "View+Recive.swift"; sourceTree = "<group>"; };
		3A3F29F5292FDB3E00841C03 /* LibraryPersonalizedResponse.swift */ = {isa = PBXFileReference; lastKnownFileType = sourcecode.swift; path = LibraryPersonalizedResponse.swift; sourceTree = "<group>"; };
		3A3F29F7292FDC6F00841C03 /* LibraryItem.swift */ = {isa = PBXFileReference; lastKnownFileType = sourcecode.swift; path = LibraryItem.swift; sourceTree = "<group>"; };
		3A5016262982FB5200BB2C74 /* GridDetailInner.swift */ = {isa = PBXFileReference; lastKnownFileType = sourcecode.swift; path = GridDetailInner.swift; sourceTree = "<group>"; };
		3A501629298418F600BB2C74 /* SeriesBanner.swift */ = {isa = PBXFileReference; lastKnownFileType = sourcecode.swift; path = SeriesBanner.swift; sourceTree = "<group>"; };
		3A50162B29841E8500BB2C74 /* SeriesView.swift */ = {isa = PBXFileReference; lastKnownFileType = sourcecode.swift; path = SeriesView.swift; sourceTree = "<group>"; };
		3A50162D29841EF500BB2C74 /* ItemGridView.swift */ = {isa = PBXFileReference; lastKnownFileType = sourcecode.swift; path = ItemGridView.swift; sourceTree = "<group>"; };
		3A50162F298421A800BB2C74 /* ItemSortOrder.swift */ = {isa = PBXFileReference; lastKnownFileType = sourcecode.swift; path = ItemSortOrder.swift; sourceTree = "<group>"; };
		3A98B9F82920F78C00EE5ECE /* PingResponse.swift */ = {isa = PBXFileReference; lastKnownFileType = sourcecode.swift; path = PingResponse.swift; sourceTree = "<group>"; };
		3A98B9FE2920FDD900EE5ECE /* APIError.swift */ = {isa = PBXFileReference; lastKnownFileType = sourcecode.swift; path = APIError.swift; sourceTree = "<group>"; };
		3A98BA002920FF5400EE5ECE /* APIResources.swift */ = {isa = PBXFileReference; lastKnownFileType = sourcecode.swift; path = APIResources.swift; sourceTree = "<group>"; };
		3A98BA022921006300EE5ECE /* APIRequest.swift */ = {isa = PBXFileReference; lastKnownFileType = sourcecode.swift; path = APIRequest.swift; sourceTree = "<group>"; };
		3A98BA0429210F2900EE5ECE /* LoginFlowCredentials.swift */ = {isa = PBXFileReference; lastKnownFileType = sourcecode.swift; path = LoginFlowCredentials.swift; sourceTree = "<group>"; };
		3A98BA062921124B00EE5ECE /* AuthorizeResponse.swift */ = {isa = PBXFileReference; lastKnownFileType = sourcecode.swift; path = AuthorizeResponse.swift; sourceTree = "<group>"; };
		3AB97F21291FB6F700E07DB5 /* LoginView.swift */ = {isa = PBXFileReference; lastKnownFileType = sourcecode.swift; path = LoginView.swift; sourceTree = "<group>"; };
		3AB97F26291FB8FF00E07DB5 /* LargeButtonStyle.swift */ = {isa = PBXFileReference; lastKnownFileType = sourcecode.swift; path = LargeButtonStyle.swift; sourceTree = "<group>"; };
		3AB97F28291FFC2100E07DB5 /* LoginViewInner.swift */ = {isa = PBXFileReference; lastKnownFileType = sourcecode.swift; path = LoginViewInner.swift; sourceTree = "<group>"; };
		3AB97F2C2920017D00E07DB5 /* LoginFlowServer.swift */ = {isa = PBXFileReference; lastKnownFileType = sourcecode.swift; path = LoginFlowServer.swift; sourceTree = "<group>"; };
		3AB97F2E2920032A00E07DB5 /* FullscreenLoadingIndicator.swift */ = {isa = PBXFileReference; lastKnownFileType = sourcecode.swift; path = FullscreenLoadingIndicator.swift; sourceTree = "<group>"; };
		3AB97F332920061400E07DB5 /* APIClient.swift */ = {isa = PBXFileReference; lastKnownFileType = sourcecode.swift; path = APIClient.swift; sourceTree = "<group>"; };
		3AC75B65292FE6DD0057A250 /* ProgressIndicator.swift */ = {isa = PBXFileReference; lastKnownFileType = sourcecode.swift; path = ProgressIndicator.swift; sourceTree = "<group>"; };
		3AC75B67292FE6FC0057A250 /* ItemRowContainer.swift */ = {isa = PBXFileReference; lastKnownFileType = sourcecode.swift; path = ItemRowContainer.swift; sourceTree = "<group>"; };
		3AC75B69292FE72E0057A250 /* ItemRow.swift */ = {isa = PBXFileReference; lastKnownFileType = sourcecode.swift; path = ItemRow.swift; sourceTree = "<group>"; };
		3AC75B6B292FE74F0057A250 /* ItemRowItem.swift */ = {isa = PBXFileReference; lastKnownFileType = sourcecode.swift; path = ItemRowItem.swift; sourceTree = "<group>"; };
		3AD5EAD22923D87C00D74AF1 /* PersistenceController+User.swift */ = {isa = PBXFileReference; lastKnownFileType = sourcecode.swift; path = "PersistenceController+User.swift"; sourceTree = "<group>"; };
		3AD7AACB29805AB50052C17B /* ItemGrid.swift */ = {isa = PBXFileReference; lastKnownFileType = sourcecode.swift; path = ItemGrid.swift; sourceTree = "<group>"; };
		3ADEBFE9292FF9370047CE12 /* ItemImage.swift */ = {isa = PBXFileReference; lastKnownFileType = sourcecode.swift; path = ItemImage.swift; sourceTree = "<group>"; };
		3ADEBFEE293133A40047CE12 /* DetailView.swift */ = {isa = PBXFileReference; lastKnownFileType = sourcecode.swift; path = DetailView.swift; sourceTree = "<group>"; };
		3ADEBFF32931FBF70047CE12 /* PlayNowButtonStyle.swift */ = {isa = PBXFileReference; lastKnownFileType = sourcecode.swift; path = PlayNowButtonStyle.swift; sourceTree = "<group>"; };
		3ADEBFF52931FC140047CE12 /* SecondaryButtonStyle.swift */ = {isa = PBXFileReference; lastKnownFileType = sourcecode.swift; path = SecondaryButtonStyle.swift; sourceTree = "<group>"; };
		3ADEBFF72931FC5E0047CE12 /* GestureSwipeRight.swift */ = {isa = PBXFileReference; lastKnownFileType = sourcecode.swift; path = GestureSwipeRight.swift; sourceTree = "<group>"; };
		3ADEBFF92931FC800047CE12 /* View+BecomingVisible.swift */ = {isa = PBXFileReference; lastKnownFileType = sourcecode.swift; path = "View+BecomingVisible.swift"; sourceTree = "<group>"; };
		3ADEBFFB2931FCB30047CE12 /* ItemDetailGridItem.swift */ = {isa = PBXFileReference; lastKnownFileType = sourcecode.swift; path = ItemDetailGridItem.swift; sourceTree = "<group>"; };
		3ADEBFFF2931FD9D0047CE12 /* BookDetailInner.swift */ = {isa = PBXFileReference; lastKnownFileType = sourcecode.swift; path = BookDetailInner.swift; sourceTree = "<group>"; };
		3ADEC0012931FEEC0047CE12 /* UIColor+Light.swift */ = {isa = PBXFileReference; lastKnownFileType = sourcecode.swift; path = "UIColor+Light.swift"; sourceTree = "<group>"; };
		3ADEC0032931FF010047CE12 /* UIImage+Color.swift */ = {isa = PBXFileReference; lastKnownFileType = sourcecode.swift; path = "UIImage+Color.swift"; sourceTree = "<group>"; };
		3ADEC0062931FF860047CE12 /* ImageHelper.swift */ = {isa = PBXFileReference; lastKnownFileType = sourcecode.swift; path = ImageHelper.swift; sourceTree = "<group>"; };
		3ADEC00829320BEB0047CE12 /* SearchSeries.swift */ = {isa = PBXFileReference; lastKnownFileType = sourcecode.swift; path = SearchSeries.swift; sourceTree = "<group>"; };
		3ADEC00A29320C6C0047CE12 /* BookDetailSeries.swift */ = {isa = PBXFileReference; lastKnownFileType = sourcecode.swift; path = BookDetailSeries.swift; sourceTree = "<group>"; };
		3ADEC00E293216C20047CE12 /* FilterResponse.swift */ = {isa = PBXFileReference; lastKnownFileType = sourcecode.swift; path = FilterResponse.swift; sourceTree = "<group>"; };
		3AF4CB69291FA70D0080451B /* Books.app */ = {isa = PBXFileReference; explicitFileType = wrapper.application; includeInIndex = 0; path = Books.app; sourceTree = BUILT_PRODUCTS_DIR; };
		3AF4CB6C291FA70D0080451B /* BooksApp.swift */ = {isa = PBXFileReference; lastKnownFileType = sourcecode.swift; path = BooksApp.swift; sourceTree = "<group>"; };
		3AF4CB6E291FA70D0080451B /* ContentView.swift */ = {isa = PBXFileReference; lastKnownFileType = sourcecode.swift; path = ContentView.swift; sourceTree = "<group>"; };
		3AF4CB70291FA7120080451B /* Assets.xcassets */ = {isa = PBXFileReference; lastKnownFileType = folder.assetcatalog; path = Assets.xcassets; sourceTree = "<group>"; };
		3AF4CB75291FA7120080451B /* Persistence.swift */ = {isa = PBXFileReference; lastKnownFileType = sourcecode.swift; path = Persistence.swift; sourceTree = "<group>"; };
		3AF4CB78291FA7120080451B /* Books.xcdatamodel */ = {isa = PBXFileReference; lastKnownFileType = wrapper.xcdatamodel; path = Books.xcdatamodel; sourceTree = "<group>"; };
/* End PBXFileReference section */

/* Begin PBXFrameworksBuildPhase section */
		3AF4CB66291FA70D0080451B /* Frameworks */ = {
			isa = PBXFrameworksBuildPhase;
			buildActionMask = 2147483647;
			files = (
			);
			runOnlyForDeploymentPostprocessing = 0;
		};
/* End PBXFrameworksBuildPhase section */

/* Begin PBXGroup section */
		3A5016282982FBBB00BB2C74 /* Book */ = {
			isa = PBXGroup;
			children = (
				3ADEBFFB2931FCB30047CE12 /* ItemDetailGridItem.swift */,
				3ADEBFFF2931FD9D0047CE12 /* BookDetailInner.swift */,
				3ADEC00A29320C6C0047CE12 /* BookDetailSeries.swift */,
			);
			path = Book;
			sourceTree = "<group>";
		};
		3A55BE8329212F0300CDDEDC /* Extensions */ = {
			isa = PBXGroup;
			children = (
				3A3F29E7292D40EF00841C03 /* Date+Millis.swift */,
				3A3F29F1292FD74A00841C03 /* Notification+Custom.swift */,
				3A3F29F3292FD7DF00841C03 /* View+Recive.swift */,
				3ADEBFF92931FC800047CE12 /* View+BecomingVisible.swift */,
				3ADEC0012931FEEC0047CE12 /* UIColor+Light.swift */,
				3ADEC0032931FF010047CE12 /* UIImage+Color.swift */,
				3A0D7793297F02FB004F5A7D /* String+Base64.swift */,
				3A0D7795297F04E3004F5A7D /* Date+Conversions.swift */,
			);
			path = Extensions;
			sourceTree = "<group>";
		};
		3A98B9F62920F77100EE5ECE /* Server */ = {
			isa = PBXGroup;
			children = (
				3A98B9F82920F78C00EE5ECE /* PingResponse.swift */,
				3A98BA062921124B00EE5ECE /* AuthorizeResponse.swift */,
				3A3F29F5292FDB3E00841C03 /* LibraryPersonalizedResponse.swift */,
				3ADEC00829320BEB0047CE12 /* SearchSeries.swift */,
				3ADEC00E293216C20047CE12 /* FilterResponse.swift */,
			);
			path = Server;
			sourceTree = "<group>";
		};
		3A98B9FA2920FB0000EE5ECE /* Helper */ = {
			isa = PBXGroup;
			children = (
				3ADEC0052931FF770047CE12 /* Util */,
				3A98B9FB2920FB0600EE5ECE /* API */,
				3AB97F32292005F400E07DB5 /* Database */,
				3A55BE8329212F0300CDDEDC /* Extensions */,
			);
			path = Helper;
			sourceTree = "<group>";
		};
		3A98B9FB2920FB0600EE5ECE /* API */ = {
			isa = PBXGroup;
			children = (
				3AB97F332920061400E07DB5 /* APIClient.swift */,
				3A98BA002920FF5400EE5ECE /* APIResources.swift */,
				3A98BA022921006300EE5ECE /* APIRequest.swift */,
				3A98B9FE2920FDD900EE5ECE /* APIError.swift */,
			);
			path = API;
			sourceTree = "<group>";
		};
		3AB97F1F291FB6E100E07DB5 /* Views */ = {
			isa = PBXGroup;
			children = (
				3AB97F23291FB70000E07DB5 /* Login */,
				3A3F29EB292FD24000841C03 /* HomeView.swift */,
				3A3F29ED292FD35300841C03 /* NavigationRoot.swift */,
				3A3F29EF292FD56B00841C03 /* DebugView.swift */,
				3ADEBFEE293133A40047CE12 /* DetailView.swift */,
				3A50162B29841E8500BB2C74 /* SeriesView.swift */,
			);
			path = Views;
			sourceTree = "<group>";
		};
		3AB97F23291FB70000E07DB5 /* Login */ = {
			isa = PBXGroup;
			children = (
				3AB97F21291FB6F700E07DB5 /* LoginView.swift */,
				3AB97F28291FFC2100E07DB5 /* LoginViewInner.swift */,
				3AB97F2C2920017D00E07DB5 /* LoginFlowServer.swift */,
				3A98BA0429210F2900EE5ECE /* LoginFlowCredentials.swift */,
			);
			path = Login;
			sourceTree = "<group>";
		};
		3AB97F24291FB8D500E07DB5 /* Components */ = {
			isa = PBXGroup;
			children = (
				3ADEBFEB293133880047CE12 /* Detail */,
				3AC75B64292FE6CC0057A250 /* Util */,
				3AC75B63292FE6AD0057A250 /* ContentRow */,
				3AB97F25291FB8F000E07DB5 /* ButtonStyles */,
				3A501629298418F600BB2C74 /* SeriesBanner.swift */,
				3A50162D29841EF500BB2C74 /* ItemGridView.swift */,
			);
			path = Components;
			sourceTree = "<group>";
		};
		3AB97F25291FB8F000E07DB5 /* ButtonStyles */ = {
			isa = PBXGroup;
			children = (
				3AB97F26291FB8FF00E07DB5 /* LargeButtonStyle.swift */,
				3ADEBFF32931FBF70047CE12 /* PlayNowButtonStyle.swift */,
				3ADEBFF52931FC140047CE12 /* SecondaryButtonStyle.swift */,
			);
			path = ButtonStyles;
			sourceTree = "<group>";
		};
		3AB97F32292005F400E07DB5 /* Database */ = {
			isa = PBXGroup;
			children = (
				3AF4CB75291FA7120080451B /* Persistence.swift */,
				3AD5EAD22923D87C00D74AF1 /* PersistenceController+User.swift */,
				3A3F29E9292FCD9200841C03 /* Persistence+MediaProgress.swift */,
			);
			path = Database;
			sourceTree = "<group>";
		};
		3AC75B63292FE6AD0057A250 /* ContentRow */ = {
			isa = PBXGroup;
			children = (
				3AC75B67292FE6FC0057A250 /* ItemRowContainer.swift */,
				3AC75B69292FE72E0057A250 /* ItemRow.swift */,
				3AC75B6B292FE74F0057A250 /* ItemRowItem.swift */,
				3AD7AACB29805AB50052C17B /* ItemGrid.swift */,
			);
			path = ContentRow;
			sourceTree = "<group>";
		};
		3AC75B64292FE6CC0057A250 /* Util */ = {
			isa = PBXGroup;
			children = (
				3AB97F2E2920032A00E07DB5 /* FullscreenLoadingIndicator.swift */,
				3AC75B65292FE6DD0057A250 /* ProgressIndicator.swift */,
				3ADEBFE9292FF9370047CE12 /* ItemImage.swift */,
				3ADEBFF72931FC5E0047CE12 /* GestureSwipeRight.swift */,
			);
			path = Util;
			sourceTree = "<group>";
		};
		3ADEBFEB293133880047CE12 /* Detail */ = {
			isa = PBXGroup;
			children = (
				3A5016282982FBBB00BB2C74 /* Book */,
				3A5016262982FB5200BB2C74 /* GridDetailInner.swift */,
			);
			path = Detail;
			sourceTree = "<group>";
		};
		3ADEC0052931FF770047CE12 /* Util */ = {
			isa = PBXGroup;
			children = (
				3ADEC0062931FF860047CE12 /* ImageHelper.swift */,
			);
			path = Util;
			sourceTree = "<group>";
		};
		3AF4CB60291FA70D0080451B = {
			isa = PBXGroup;
			children = (
				3AF4CB6B291FA70D0080451B /* iOS */,
				3AF4CB6A291FA70D0080451B /* Products */,
			);
			sourceTree = "<group>";
			usesTabs = 0;
		};
		3AF4CB6A291FA70D0080451B /* Products */ = {
			isa = PBXGroup;
			children = (
				3AF4CB69291FA70D0080451B /* Books.app */,
			);
			name = Products;
			sourceTree = "<group>";
		};
		3AF4CB6B291FA70D0080451B /* iOS */ = {
			isa = PBXGroup;
			children = (
				3A98B9FA2920FB0000EE5ECE /* Helper */,
				3AF4CB80291FAB5E0080451B /* Models */,
				3AB97F1F291FB6E100E07DB5 /* Views */,
				3AB97F24291FB8D500E07DB5 /* Components */,
				3AF4CB7F291FAA9D0080451B /* Core */,
				3AF4CB70291FA7120080451B /* Assets.xcassets */,
				3AF4CB77291FA7120080451B /* Books.xcdatamodeld */,
			);
			path = iOS;
			sourceTree = "<group>";
		};
		3AF4CB7F291FAA9D0080451B /* Core */ = {
			isa = PBXGroup;
			children = (
				3AF4CB6C291FA70D0080451B /* BooksApp.swift */,
				3AF4CB6E291FA70D0080451B /* ContentView.swift */,
			);
			path = Core;
			sourceTree = "<group>";
		};
		3AF4CB80291FAB5E0080451B /* Models */ = {
			isa = PBXGroup;
			children = (
				3A98B9F62920F77100EE5ECE /* Server */,
				3A3F29F7292FDC6F00841C03 /* LibraryItem.swift */,
				3A50162F298421A800BB2C74 /* ItemSortOrder.swift */,
			);
			path = Models;
			sourceTree = "<group>";
		};
/* End PBXGroup section */

/* Begin PBXNativeTarget section */
		3AF4CB68291FA70D0080451B /* Books */ = {
			isa = PBXNativeTarget;
			buildConfigurationList = 3AF4CB7C291FA7120080451B /* Build configuration list for PBXNativeTarget "Books" */;
			buildPhases = (
				3AF4CB65291FA70D0080451B /* Sources */,
				3AF4CB66291FA70D0080451B /* Frameworks */,
				3AF4CB67291FA70D0080451B /* Resources */,
			);
			buildRules = (
			);
			dependencies = (
			);
			name = Books;
			packageProductDependencies = (
			);
			productName = Books;
			productReference = 3AF4CB69291FA70D0080451B /* Books.app */;
			productType = "com.apple.product-type.application";
		};
/* End PBXNativeTarget section */

/* Begin PBXProject section */
		3AF4CB61291FA70D0080451B /* Project object */ = {
			isa = PBXProject;
			attributes = {
				BuildIndependentTargetsInParallel = 1;
				LastSwiftUpdateCheck = 1410;
				LastUpgradeCheck = 1410;
				TargetAttributes = {
					3AF4CB68291FA70D0080451B = {
						CreatedOnToolsVersion = 14.1;
					};
				};
			};
			buildConfigurationList = 3AF4CB64291FA70D0080451B /* Build configuration list for PBXProject "Books" */;
			compatibilityVersion = "Xcode 14.0";
			developmentRegion = en;
			hasScannedForEncodings = 0;
			knownRegions = (
				en,
				Base,
			);
			mainGroup = 3AF4CB60291FA70D0080451B;
			packageReferences = (
			);
			productRefGroup = 3AF4CB6A291FA70D0080451B /* Products */;
			projectDirPath = "";
			projectRoot = "";
			targets = (
				3AF4CB68291FA70D0080451B /* Books */,
			);
		};
/* End PBXProject section */

/* Begin PBXResourcesBuildPhase section */
		3AF4CB67291FA70D0080451B /* Resources */ = {
			isa = PBXResourcesBuildPhase;
			buildActionMask = 2147483647;
			files = (
				3AF4CB71291FA7120080451B /* Assets.xcassets in Resources */,
			);
			runOnlyForDeploymentPostprocessing = 0;
		};
/* End PBXResourcesBuildPhase section */

/* Begin PBXSourcesBuildPhase section */
		3AF4CB65291FA70D0080451B /* Sources */ = {
			isa = PBXSourcesBuildPhase;
			buildActionMask = 2147483647;
			files = (
				3ADEBFF42931FBF70047CE12 /* PlayNowButtonStyle.swift in Sources */,
				3AC75B6C292FE74F0057A250 /* ItemRowItem.swift in Sources */,
				3A50162E29841EF500BB2C74 /* ItemGridView.swift in Sources */,
				3A50162A298418F600BB2C74 /* SeriesBanner.swift in Sources */,
				3A3F29F4292FD7DF00841C03 /* View+Recive.swift in Sources */,
				3A0D7796297F04E3004F5A7D /* Date+Conversions.swift in Sources */,
				3AB97F342920061400E07DB5 /* APIClient.swift in Sources */,
				3A3F29F8292FDC6F00841C03 /* LibraryItem.swift in Sources */,
				3ADEC0042931FF010047CE12 /* UIImage+Color.swift in Sources */,
				3AF4CB79291FA7120080451B /* Books.xcdatamodeld in Sources */,
				3ADEBFFA2931FC800047CE12 /* View+BecomingVisible.swift in Sources */,
				3A5016272982FB5200BB2C74 /* GridDetailInner.swift in Sources */,
				3A3F29EC292FD24000841C03 /* HomeView.swift in Sources */,
				3A98B9F92920F78C00EE5ECE /* PingResponse.swift in Sources */,
				3ADEC00929320BEB0047CE12 /* SearchSeries.swift in Sources */,
				3A3F29E8292D40EF00841C03 /* Date+Millis.swift in Sources */,
				3AC75B68292FE6FC0057A250 /* ItemRowContainer.swift in Sources */,
				3A0D7794297F02FB004F5A7D /* String+Base64.swift in Sources */,
				3AB97F2F2920032A00E07DB5 /* FullscreenLoadingIndicator.swift in Sources */,
				3AB97F27291FB8FF00E07DB5 /* LargeButtonStyle.swift in Sources */,
				3A98BA0529210F2900EE5ECE /* LoginFlowCredentials.swift in Sources */,
				3A98BA072921124B00EE5ECE /* AuthorizeResponse.swift in Sources */,
				3ADEBFFC2931FCB30047CE12 /* ItemDetailGridItem.swift in Sources */,
				3AB97F2D2920017D00E07DB5 /* LoginFlowServer.swift in Sources */,
				3A3F29F0292FD56B00841C03 /* DebugView.swift in Sources */,
				3AF4CB76291FA7120080451B /* Persistence.swift in Sources */,
				3ADEBFEF293133A40047CE12 /* DetailView.swift in Sources */,
				3AC75B6A292FE72E0057A250 /* ItemRow.swift in Sources */,
				3ADEC0022931FEEC0047CE12 /* UIColor+Light.swift in Sources */,
				3ADEC0072931FF860047CE12 /* ImageHelper.swift in Sources */,
				3A98BA012920FF5400EE5ECE /* APIResources.swift in Sources */,
				3AF4CB6F291FA70D0080451B /* ContentView.swift in Sources */,
				3ADEBFEA292FF9370047CE12 /* ItemImage.swift in Sources */,
				3ADEC0002931FD9D0047CE12 /* BookDetailInner.swift in Sources */,
				3A3F29F6292FDB3E00841C03 /* LibraryPersonalizedResponse.swift in Sources */,
				3AB97F22291FB6F700E07DB5 /* LoginView.swift in Sources */,
				3AB97F29291FFC2100E07DB5 /* LoginViewInner.swift in Sources */,
				3AC75B66292FE6DD0057A250 /* ProgressIndicator.swift in Sources */,
				3ADEBFF82931FC5E0047CE12 /* GestureSwipeRight.swift in Sources */,
				3AD7AACC29805AB50052C17B /* ItemGrid.swift in Sources */,
				3A50162C29841E8500BB2C74 /* SeriesView.swift in Sources */,
				3AF4CB6D291FA70D0080451B /* BooksApp.swift in Sources */,
				3AD5EAD32923D87C00D74AF1 /* PersistenceController+User.swift in Sources */,
				3A98BA032921006300EE5ECE /* APIRequest.swift in Sources */,
				3ADEC00B29320C6C0047CE12 /* BookDetailSeries.swift in Sources */,
				3A3F29EE292FD35300841C03 /* NavigationRoot.swift in Sources */,
				3A3F29F2292FD74A00841C03 /* Notification+Custom.swift in Sources */,
				3A98B9FF2920FDD900EE5ECE /* APIError.swift in Sources */,
				3A501630298421A800BB2C74 /* ItemSortOrder.swift in Sources */,
				3A3F29EA292FCD9200841C03 /* Persistence+MediaProgress.swift in Sources */,
				3ADEC00F293216C20047CE12 /* FilterResponse.swift in Sources */,
				3ADEBFF62931FC140047CE12 /* SecondaryButtonStyle.swift in Sources */,
			);
			runOnlyForDeploymentPostprocessing = 0;
		};
/* End PBXSourcesBuildPhase section */

/* Begin XCBuildConfiguration section */
		3AF4CB7A291FA7120080451B /* Debug */ = {
			isa = XCBuildConfiguration;
			buildSettings = {
				ALWAYS_SEARCH_USER_PATHS = NO;
				CLANG_ANALYZER_NONNULL = YES;
				CLANG_ANALYZER_NUMBER_OBJECT_CONVERSION = YES_AGGRESSIVE;
				CLANG_CXX_LANGUAGE_STANDARD = "gnu++20";
				CLANG_ENABLE_MODULES = YES;
				CLANG_ENABLE_OBJC_ARC = YES;
				CLANG_ENABLE_OBJC_WEAK = YES;
				CLANG_WARN_BLOCK_CAPTURE_AUTORELEASING = YES;
				CLANG_WARN_BOOL_CONVERSION = YES;
				CLANG_WARN_COMMA = YES;
				CLANG_WARN_CONSTANT_CONVERSION = YES;
				CLANG_WARN_DEPRECATED_OBJC_IMPLEMENTATIONS = YES;
				CLANG_WARN_DIRECT_OBJC_ISA_USAGE = YES_ERROR;
				CLANG_WARN_DOCUMENTATION_COMMENTS = YES;
				CLANG_WARN_EMPTY_BODY = YES;
				CLANG_WARN_ENUM_CONVERSION = YES;
				CLANG_WARN_INFINITE_RECURSION = YES;
				CLANG_WARN_INT_CONVERSION = YES;
				CLANG_WARN_NON_LITERAL_NULL_CONVERSION = YES;
				CLANG_WARN_OBJC_IMPLICIT_RETAIN_SELF = YES;
				CLANG_WARN_OBJC_LITERAL_CONVERSION = YES;
				CLANG_WARN_OBJC_ROOT_CLASS = YES_ERROR;
				CLANG_WARN_QUOTED_INCLUDE_IN_FRAMEWORK_HEADER = YES;
				CLANG_WARN_RANGE_LOOP_ANALYSIS = YES;
				CLANG_WARN_STRICT_PROTOTYPES = YES;
				CLANG_WARN_SUSPICIOUS_MOVE = YES;
				CLANG_WARN_UNGUARDED_AVAILABILITY = YES_AGGRESSIVE;
				CLANG_WARN_UNREACHABLE_CODE = YES;
				CLANG_WARN__DUPLICATE_METHOD_MATCH = YES;
				COPY_PHASE_STRIP = NO;
				DEBUG_INFORMATION_FORMAT = dwarf;
				ENABLE_STRICT_OBJC_MSGSEND = YES;
				ENABLE_TESTABILITY = YES;
				GCC_C_LANGUAGE_STANDARD = gnu11;
				GCC_DYNAMIC_NO_PIC = NO;
				GCC_NO_COMMON_BLOCKS = YES;
				GCC_OPTIMIZATION_LEVEL = 0;
				GCC_PREPROCESSOR_DEFINITIONS = (
					"DEBUG=1",
					"$(inherited)",
				);
				GCC_WARN_64_TO_32_BIT_CONVERSION = YES;
				GCC_WARN_ABOUT_RETURN_TYPE = YES_ERROR;
				GCC_WARN_UNDECLARED_SELECTOR = YES;
				GCC_WARN_UNINITIALIZED_AUTOS = YES_AGGRESSIVE;
				GCC_WARN_UNUSED_FUNCTION = YES;
				GCC_WARN_UNUSED_VARIABLE = YES;
				IPHONEOS_DEPLOYMENT_TARGET = 16.2;
				MTL_ENABLE_DEBUG_INFO = INCLUDE_SOURCE;
				MTL_FAST_MATH = YES;
				ONLY_ACTIVE_ARCH = YES;
				SDKROOT = iphoneos;
				SWIFT_ACTIVE_COMPILATION_CONDITIONS = DEBUG;
				SWIFT_OPTIMIZATION_LEVEL = "-Onone";
			};
			name = Debug;
		};
		3AF4CB7B291FA7120080451B /* Release */ = {
			isa = XCBuildConfiguration;
			buildSettings = {
				ALWAYS_SEARCH_USER_PATHS = NO;
				CLANG_ANALYZER_NONNULL = YES;
				CLANG_ANALYZER_NUMBER_OBJECT_CONVERSION = YES_AGGRESSIVE;
				CLANG_CXX_LANGUAGE_STANDARD = "gnu++20";
				CLANG_ENABLE_MODULES = YES;
				CLANG_ENABLE_OBJC_ARC = YES;
				CLANG_ENABLE_OBJC_WEAK = YES;
				CLANG_WARN_BLOCK_CAPTURE_AUTORELEASING = YES;
				CLANG_WARN_BOOL_CONVERSION = YES;
				CLANG_WARN_COMMA = YES;
				CLANG_WARN_CONSTANT_CONVERSION = YES;
				CLANG_WARN_DEPRECATED_OBJC_IMPLEMENTATIONS = YES;
				CLANG_WARN_DIRECT_OBJC_ISA_USAGE = YES_ERROR;
				CLANG_WARN_DOCUMENTATION_COMMENTS = YES;
				CLANG_WARN_EMPTY_BODY = YES;
				CLANG_WARN_ENUM_CONVERSION = YES;
				CLANG_WARN_INFINITE_RECURSION = YES;
				CLANG_WARN_INT_CONVERSION = YES;
				CLANG_WARN_NON_LITERAL_NULL_CONVERSION = YES;
				CLANG_WARN_OBJC_IMPLICIT_RETAIN_SELF = YES;
				CLANG_WARN_OBJC_LITERAL_CONVERSION = YES;
				CLANG_WARN_OBJC_ROOT_CLASS = YES_ERROR;
				CLANG_WARN_QUOTED_INCLUDE_IN_FRAMEWORK_HEADER = YES;
				CLANG_WARN_RANGE_LOOP_ANALYSIS = YES;
				CLANG_WARN_STRICT_PROTOTYPES = YES;
				CLANG_WARN_SUSPICIOUS_MOVE = YES;
				CLANG_WARN_UNGUARDED_AVAILABILITY = YES_AGGRESSIVE;
				CLANG_WARN_UNREACHABLE_CODE = YES;
				CLANG_WARN__DUPLICATE_METHOD_MATCH = YES;
				COPY_PHASE_STRIP = NO;
				DEBUG_INFORMATION_FORMAT = "dwarf-with-dsym";
				ENABLE_NS_ASSERTIONS = NO;
				ENABLE_STRICT_OBJC_MSGSEND = YES;
				GCC_C_LANGUAGE_STANDARD = gnu11;
				GCC_NO_COMMON_BLOCKS = YES;
				GCC_WARN_64_TO_32_BIT_CONVERSION = YES;
				GCC_WARN_ABOUT_RETURN_TYPE = YES_ERROR;
				GCC_WARN_UNDECLARED_SELECTOR = YES;
				GCC_WARN_UNINITIALIZED_AUTOS = YES_AGGRESSIVE;
				GCC_WARN_UNUSED_FUNCTION = YES;
				GCC_WARN_UNUSED_VARIABLE = YES;
				IPHONEOS_DEPLOYMENT_TARGET = 16.2;
				MTL_ENABLE_DEBUG_INFO = NO;
				MTL_FAST_MATH = YES;
				SDKROOT = iphoneos;
				SWIFT_COMPILATION_MODE = wholemodule;
				SWIFT_OPTIMIZATION_LEVEL = "-O";
				VALIDATE_PRODUCT = YES;
			};
			name = Release;
		};
		3AF4CB7D291FA7120080451B /* Debug */ = {
			isa = XCBuildConfiguration;
			buildSettings = {
				ASSETCATALOG_COMPILER_APPICON_NAME = AppIcon;
				ASSETCATALOG_COMPILER_GLOBAL_ACCENT_COLOR_NAME = AccentColor;
				CLANG_USE_OPTIMIZATION_PROFILE = NO;
				CODE_SIGN_STYLE = Automatic;
				CURRENT_PROJECT_VERSION = 1;
				DEVELOPMENT_ASSET_PATHS = "";
				DEVELOPMENT_TEAM = N8AA4S3S96;
				ENABLE_PREVIEWS = YES;
				GENERATE_INFOPLIST_FILE = YES;
				INFOPLIST_KEY_CFBundleDisplayName = Audiobooks;
				INFOPLIST_KEY_LSApplicationCategoryType = "public.app-category.books";
				INFOPLIST_KEY_UIApplicationSceneManifest_Generation = YES;
				INFOPLIST_KEY_UIApplicationSupportsIndirectInputEvents = YES;
				INFOPLIST_KEY_UILaunchScreen_Generation = YES;
				INFOPLIST_KEY_UISupportedInterfaceOrientations = "UIInterfaceOrientationPortrait UIInterfaceOrientationPortraitUpsideDown";
				INFOPLIST_KEY_UISupportedInterfaceOrientations_iPad = "UIInterfaceOrientationLandscapeLeft UIInterfaceOrientationLandscapeRight UIInterfaceOrientationPortrait UIInterfaceOrientationPortraitUpsideDown";
				IPHONEOS_DEPLOYMENT_TARGET = 16.2;
				LD_RUNPATH_SEARCH_PATHS = (
					"$(inherited)",
					"@executable_path/Frameworks",
				);
				MARKETING_VERSION = 1.0;
				PRODUCT_BUNDLE_IDENTIFIER = io.rfk.Books;
				PRODUCT_NAME = "$(TARGET_NAME)";
				SWIFT_EMIT_LOC_STRINGS = YES;
				SWIFT_VERSION = 5.0;
				TARGETED_DEVICE_FAMILY = "1,2";
			};
			name = Debug;
		};
		3AF4CB7E291FA7120080451B /* Release */ = {
			isa = XCBuildConfiguration;
			buildSettings = {
				ASSETCATALOG_COMPILER_APPICON_NAME = AppIcon;
				ASSETCATALOG_COMPILER_GLOBAL_ACCENT_COLOR_NAME = AccentColor;
				CLANG_USE_OPTIMIZATION_PROFILE = NO;
				CODE_SIGN_STYLE = Automatic;
				CURRENT_PROJECT_VERSION = 1;
				DEVELOPMENT_ASSET_PATHS = "";
				DEVELOPMENT_TEAM = N8AA4S3S96;
				ENABLE_PREVIEWS = YES;
				GENERATE_INFOPLIST_FILE = YES;
				INFOPLIST_KEY_CFBundleDisplayName = Audiobooks;
				INFOPLIST_KEY_LSApplicationCategoryType = "public.app-category.books";
				INFOPLIST_KEY_UIApplicationSceneManifest_Generation = YES;
				INFOPLIST_KEY_UIApplicationSupportsIndirectInputEvents = YES;
				INFOPLIST_KEY_UILaunchScreen_Generation = YES;
				INFOPLIST_KEY_UISupportedInterfaceOrientations = "UIInterfaceOrientationPortrait UIInterfaceOrientationPortraitUpsideDown";
				INFOPLIST_KEY_UISupportedInterfaceOrientations_iPad = "UIInterfaceOrientationLandscapeLeft UIInterfaceOrientationLandscapeRight UIInterfaceOrientationPortrait UIInterfaceOrientationPortraitUpsideDown";
				IPHONEOS_DEPLOYMENT_TARGET = 16.2;
				LD_RUNPATH_SEARCH_PATHS = (
					"$(inherited)",
					"@executable_path/Frameworks",
				);
				MARKETING_VERSION = 1.0;
				PRODUCT_BUNDLE_IDENTIFIER = io.rfk.Books;
				PRODUCT_NAME = "$(TARGET_NAME)";
				SWIFT_EMIT_LOC_STRINGS = YES;
				SWIFT_VERSION = 5.0;
				TARGETED_DEVICE_FAMILY = "1,2";
			};
			name = Release;
		};
/* End XCBuildConfiguration section */

/* Begin XCConfigurationList section */
		3AF4CB64291FA70D0080451B /* Build configuration list for PBXProject "Books" */ = {
			isa = XCConfigurationList;
			buildConfigurations = (
				3AF4CB7A291FA7120080451B /* Debug */,
				3AF4CB7B291FA7120080451B /* Release */,
			);
			defaultConfigurationIsVisible = 0;
			defaultConfigurationName = Release;
		};
		3AF4CB7C291FA7120080451B /* Build configuration list for PBXNativeTarget "Books" */ = {
			isa = XCConfigurationList;
			buildConfigurations = (
				3AF4CB7D291FA7120080451B /* Debug */,
				3AF4CB7E291FA7120080451B /* Release */,
			);
			defaultConfigurationIsVisible = 0;
			defaultConfigurationName = Release;
		};
/* End XCConfigurationList section */

/* Begin XCVersionGroup section */
		3AF4CB77291FA7120080451B /* Books.xcdatamodeld */ = {
			isa = XCVersionGroup;
			children = (
				3AF4CB78291FA7120080451B /* Books.xcdatamodel */,
			);
			currentVersion = 3AF4CB78291FA7120080451B /* Books.xcdatamodel */;
			path = Books.xcdatamodeld;
			sourceTree = "<group>";
			versionGroupType = wrapper.xcdatamodel;
		};
/* End XCVersionGroup section */
	};
	rootObject = 3AF4CB61291FA70D0080451B /* Project object */;
}
